<?xml version="1.0" encoding="utf-8"?>
<Project ToolsVersion="12.0" xmlns="http://schemas.microsoft.com/developer/msbuild/2003">
  <ItemGroup>
    <ClInclude Include="$(MSBuildThisFileDirectory)pch.h" />
    <ClInclude Include="$(MSBuildThisFileDirectory)Video1in1outEffect.h" />
    <ClInclude Include="$(MSBuildThisFileDirectory)LumiaEffect.h" />
    <ClInclude Include="$(MSBuildThisFileDirectory)WinRTBufferOnMF2DBuffer.h" />
    <ClInclude Include="$(MSBuildThisFileDirectory)LumiaEffectDefinition.h" />
    <ClInclude Include="$(MSBuildThisFileDirectory)FilterChainFactory.h" />
    <ClInclude Include="$(MSBuildThisFileDirectory)ShaderEffect.h" />
    <ClInclude Include="$(MSBuildThisFileDirectory)ShaderEffectDefinition.h" />
    <ClInclude Include="$(MSBuildThisFileDirectory)D3D11DeviceLock.h" />
    <ClInclude Include="$(MSBuildThisFileDirectory)DebuggerLogger.h" />
    <ClInclude Include="$(MSBuildThisFileDirectory)MediaTypeFormatter.h" />
    <ClInclude Include="$(MSBuildThisFileDirectory)SampleFormatter.h" />
  </ItemGroup>
  <ItemGroup>
    <ClCompile Include="$(MSBuildThisFileDirectory)pch.cpp">
      <PrecompiledHeader>Create</PrecompiledHeader>
    </ClCompile>
    <ClCompile Include="$(MSBuildThisFileDirectory)LumiaEffect.cpp" />
    <ClCompile Include="$(MSBuildThisFileDirectory)LumiaEffectDefinition.cpp" />
    <ClCompile Include="$(MSBuildThisFileDirectory)ShaderEffect.cpp" />
    <ClCompile Include="$(MSBuildThisFileDirectory)ShaderEffectDefinition.cpp" />
    <ClCompile Include="$(MSBuildThisFileDirectory)DebuggerLogger.cpp" />
    <ClCompile Include="$(MSBuildThisFileDirectory)MediaTypeFormatter.cpp" />
    <ClCompile Include="$(MSBuildThisFileDirectory)SampleFormatter.cpp" />
  </ItemGroup>
  <ItemGroup>
    <FxCompile Include="$(MSBuildThisFileDirectory)VertexShader.hlsl" />
  </ItemGroup>
</Project>