<?xml version="1.0" encoding="utf-8"?>
<Project ToolsVersion="12.0" xmlns="http://schemas.microsoft.com/developer/msbuild/2003">
  <ItemGroup>
    <ClInclude Include="$(MSBuildThisFileDirectory)pch.h" />
    <ClInclude Include="$(MSBuildThisFileDirectory)Video1in1outEffect.h" />
    <ClInclude Include="$(MSBuildThisFileDirectory)LumiaEffect.h" />
    <ClInclude Include="$(MSBuildThisFileDirectory)WinRTBufferOnMF2DBuffer.h" />
    <ClInclude Include="$(MSBuildThisFileDirectory)LumiaEffectDefinition.h" />
    <ClInclude Include="$(MSBuildThisFileDirectory)FilterChainFactory.h" />
    <ClInclude Include="$(MSBuildThisFileDirectory)ShaderEffect.h" />
    <ClInclude Include="$(MSBuildThisFileDirectory)D3D11DeviceLock.h" />
    <ClInclude Include="$(MSBuildThisFileDirectory)DebuggerLogger.h" />
    <ClInclude Include="$(MSBuildThisFileDirectory)MediaTypeFormatter.h" />
    <ClInclude Include="$(MSBuildThisFileDirectory)SampleFormatter.h" />
    <ClInclude Include="$(MSBuildThisFileDirectory)ShaderEffectBgrx8.h" />
    <ClInclude Include="$(MSBuildThisFileDirectory)ShaderEffectNv12.h" />
    <ClInclude Include="$(MSBuildThisFileDirectory)ShaderEffectDefinitionBgrx8.h" />
    <ClInclude Include="$(MSBuildThisFileDirectory)ShaderEffectDefinitionNv12.h" />
    <ClInclude Include="$(MSBuildThisFileDirectory)SquareEffectDefinition.h" />
    <ClInclude Include="$(MSBuildThisFileDirectory)SquareEffect.h" />
    <ClInclude Include="$(MSBuildThisFileDirectory)TranscodingProfile.h" />
    <ClInclude Include="$(MSBuildThisFileDirectory)LumiaAnalyzerDefinition.h" />
    <ClInclude Include="$(MSBuildThisFileDirectory)LumiaAnalyzer.h" />
    <ClInclude Include="$(MSBuildThisFileDirectory)VideoProcessor.h" />
    <ClInclude Include="$(MSBuildThisFileDirectory)WinRTBufferView.h" />
    <ClInclude Include="$(MSBuildThisFileDirectory)CanvasEffect.h" />
    <ClInclude Include="$(MSBuildThisFileDirectory)CanvasEffectDefinition.h" />
  </ItemGroup>
  <ItemGroup>
    <ClCompile Include="$(MSBuildThisFileDirectory)pch.cpp">
      <PrecompiledHeader>Create</PrecompiledHeader>
    </ClCompile>
    <ClCompile Include="$(MSBuildThisFileDirectory)LumiaEffect.cpp" />
    <ClCompile Include="$(MSBuildThisFileDirectory)LumiaEffectDefinition.cpp" />
    <ClCompile Include="$(MSBuildThisFileDirectory)ShaderEffect.cpp" />
    <ClCompile Include="$(MSBuildThisFileDirectory)DebuggerLogger.cpp" />
    <ClCompile Include="$(MSBuildThisFileDirectory)MediaTypeFormatter.cpp" />
    <ClCompile Include="$(MSBuildThisFileDirectory)SampleFormatter.cpp" />
    <ClCompile Include="$(MSBuildThisFileDirectory)ShaderEffectBgrx8.cpp" />
    <ClCompile Include="$(MSBuildThisFileDirectory)ShaderEffectNv12.cpp" />
    <ClCompile Include="$(MSBuildThisFileDirectory)ShaderEffectDefinitionBgrx8.cpp" />
    <ClCompile Include="$(MSBuildThisFileDirectory)ShaderEffectDefinitionNv12.cpp" />
    <ClCompile Include="$(MSBuildThisFileDirectory)SquareEffectDefinition.cpp" />
    <ClCompile Include="$(MSBuildThisFileDirectory)SquareEffect.cpp" />
    <ClCompile Include="$(MSBuildThisFileDirectory)TranscodingProfile.cpp" />
    <ClCompile Include="$(MSBuildThisFileDirectory)LumiaAnalyzerDefinition.cpp" />
    <ClCompile Include="$(MSBuildThisFileDirectory)LumiaAnalyzer.cpp" />
    <ClCompile Include="$(MSBuildThisFileDirectory)VideoProcessor.cpp" />
    <ClCompile Include="$(MSBuildThisFileDirectory)CanvasEffect.cpp" />
    <ClCompile Include="$(MSBuildThisFileDirectory)CanvasEffectDefinition.cpp" />
  </ItemGroup>
  <ItemGroup>
    <FxCompile Include="$(MSBuildThisFileDirectory)VertexShader.hlsl" />
  </ItemGroup>
</Project>